<?xml version="1.0" encoding="UTF-8" standalone="yes" ?>
<CodeBlocks_project_file>
	<FileVersion major="1" minor="6" />
	<Project>
		<Option title="hlsdownloader" />
		<Option pch_mode="2" />
		<Option compiler="gcc" />
		<Build>
			<Target title="Debug">
				<Option output="bin/Debug/hlsdownloader" prefix_auto="1" extension_auto="1" />
				<Option object_output="obj/Debug/" />
				<Option type="1" />
				<Option compiler="gcc" />
				<Compiler>
					<Add option="-g" />
				</Compiler>
			</Target>
		</Build>
		<Compiler>
			<Add option="-Wall" />
			<Add option="-std=c++17" />
			<Add option="-fexceptions" />
			<Add option="`pkg-config --cflags libcurl`" />
			<Add option="-Wall -Wfatal-errors" />
		</Compiler>
		<Linker>
			<Add option="`pkg-config --libs libcurl`" />
			<Add option="-pthread" />
		</Linker>
		<Unit filename="hlsdownloader.cpp" />
		<Extensions />
	</Project>
</CodeBlocks_project_file>
